
Microsoft Visual Studio Solution File, Format Version 12.00
# Visual Studio 15
VisualStudioVersion = 15.0.28010.2046
MinimumVisualStudioVersion = 10.0.40219.1
Project("{FAE04EC0-301F-11D3-BF4B-00C04F79EFBC}") = "Measurement_Evaluator", "Measurement_Evaluator\Measurement_Evaluator.csproj", "{55295552-024E-452E-B30D-E6A1CFDD63AB}"
EndProject
Project("{FAE04EC0-301F-11D3-BF4B-00C04F79EFBC}") = "UnitTestProject1", "ClassLibrary1\UnitTestProject1.csproj", "{BB793680-F48A-49F2-B082-96D38252C317}"
EndProject
Project("{FAE04EC0-301F-11D3-BF4B-00C04F79EFBC}") = "Interfaces", "Interfaces\Interfaces.csproj", "{6DCA4D70-0D2C-4A32-80BE-485667CEAC24}"
EndProject
Project("{FAE04EC0-301F-11D3-BF4B-00C04F79EFBC}") = "DataStructures", "DataStructures\DataStructures.csproj", "{6E851EB0-9AF1-45AD-AD46-F84BDADD6689}"
EndProject
Project("{FAE04EC0-301F-11D3-BF4B-00C04F79EFBC}") = "Calculations", "Calculations\Calculations.csproj", "{8B09E796-8F5B-49A9-A437-CCBA4EAF7734}"
EndProject
Project("{FAE04EC0-301F-11D3-BF4B-00C04F79EFBC}") = "DataAcquisition", "DataAcquisition\DataAcquisition.csproj", "{444B3526-413C-4C71-819B-EB527346CDC6}"
EndProject
Global
	GlobalSection(SolutionConfigurationPlatforms) = preSolution
		Debug|Any CPU = Debug|Any CPU
		Release|Any CPU = Release|Any CPU
	EndGlobalSection
	GlobalSection(ProjectConfigurationPlatforms) = postSolution
		{55295552-024E-452E-B30D-E6A1CFDD63AB}.Debug|Any CPU.ActiveCfg = Debug|Any CPU
		{55295552-024E-452E-B30D-E6A1CFDD63AB}.Debug|Any CPU.Build.0 = Debug|Any CPU
		{55295552-024E-452E-B30D-E6A1CFDD63AB}.Release|Any CPU.ActiveCfg = Release|Any CPU
		{55295552-024E-452E-B30D-E6A1CFDD63AB}.Release|Any CPU.Build.0 = Release|Any CPU
		{BB793680-F48A-49F2-B082-96D38252C317}.Debug|Any CPU.ActiveCfg = Debug|Any CPU
		{BB793680-F48A-49F2-B082-96D38252C317}.Debug|Any CPU.Build.0 = Debug|Any CPU
		{BB793680-F48A-49F2-B082-96D38252C317}.Release|Any CPU.ActiveCfg = Release|Any CPU
		{BB793680-F48A-49F2-B082-96D38252C317}.Release|Any CPU.Build.0 = Release|Any CPU
		{6DCA4D70-0D2C-4A32-80BE-485667CEAC24}.Debug|Any CPU.ActiveCfg = Debug|Any CPU
		{6DCA4D70-0D2C-4A32-80BE-485667CEAC24}.Debug|Any CPU.Build.0 = Debug|Any CPU
		{6DCA4D70-0D2C-4A32-80BE-485667CEAC24}.Release|Any CPU.ActiveCfg = Release|Any CPU
		{6DCA4D70-0D2C-4A32-80BE-485667CEAC24}.Release|Any CPU.Build.0 = Release|Any CPU
		{6E851EB0-9AF1-45AD-AD46-F84BDADD6689}.Debug|Any CPU.ActiveCfg = Debug|Any CPU
		{6E851EB0-9AF1-45AD-AD46-F84BDADD6689}.Debug|Any CPU.Build.0 = Debug|Any CPU
		{6E851EB0-9AF1-45AD-AD46-F84BDADD6689}.Release|Any CPU.ActiveCfg = Release|Any CPU
		{6E851EB0-9AF1-45AD-AD46-F84BDADD6689}.Release|Any CPU.Build.0 = Release|Any CPU
		{8B09E796-8F5B-49A9-A437-CCBA4EAF7734}.Debug|Any CPU.ActiveCfg = Debug|Any CPU
		{8B09E796-8F5B-49A9-A437-CCBA4EAF7734}.Debug|Any CPU.Build.0 = Debug|Any CPU
		{8B09E796-8F5B-49A9-A437-CCBA4EAF7734}.Release|Any CPU.ActiveCfg = Release|Any CPU
		{8B09E796-8F5B-49A9-A437-CCBA4EAF7734}.Release|Any CPU.Build.0 = Release|Any CPU
		{444B3526-413C-4C71-819B-EB527346CDC6}.Debug|Any CPU.ActiveCfg = Debug|Any CPU
		{444B3526-413C-4C71-819B-EB527346CDC6}.Debug|Any CPU.Build.0 = Debug|Any CPU
		{444B3526-413C-4C71-819B-EB527346CDC6}.Release|Any CPU.ActiveCfg = Release|Any CPU
		{444B3526-413C-4C71-819B-EB527346CDC6}.Release|Any CPU.Build.0 = Release|Any CPU
	EndGlobalSection
	GlobalSection(SolutionProperties) = preSolution
		HideSolutionNode = FALSE
	EndGlobalSection
	GlobalSection(ExtensibilityGlobals) = postSolution
		SolutionGuid = {15A94E9C-D0D4-4367-B498-59E262A19EFE}
	EndGlobalSection
EndGlobal
