
Microsoft Visual Studio Solution File, Format Version 12.00
# Visual Studio Version 17
VisualStudioVersion = 17.2.32630.192
MinimumVisualStudioVersion = 10.0.40219.1
Project("{9A19103F-16F7-4668-BE54-9A1E7A4F7556}") = "Interfaces", "Interfaces\Interfaces.csproj", "{87DCA976-8BD4-4A3A-ACA2-CC175D89FD09}"
EndProject
Project("{9A19103F-16F7-4668-BE54-9A1E7A4F7556}") = "BaseClasses", "BaseClasses\BaseClasses.csproj", "{83EA0BE2-65F8-49D9-BAFB-CD77555EC16C}"
EndProject
Project("{9A19103F-16F7-4668-BE54-9A1E7A4F7556}") = "Evaluation", "Evaluation\Evaluation.csproj", "{B3A4CBDB-201A-43BF-A473-A0F880D494CA}"
EndProject
Project("{9A19103F-16F7-4668-BE54-9A1E7A4F7556}") = "Utils", "Utils\Utils.csproj", "{A06E4376-1710-4E9E-83F3-58D9E5AFF8E8}"
EndProject
Project("{9A19103F-16F7-4668-BE54-9A1E7A4F7556}") = "MeasurementDataStructures", "MeasurementDataStructures\MeasurementDataStructures.csproj", "{9EACE6B3-1F43-4F75-B4BF-D380B3903420}"
EndProject
Project("{9A19103F-16F7-4668-BE54-9A1E7A4F7556}") = "DateTimeProviders", "DateTimeProviders\DateTimeProviders.csproj", "{C44A6722-B936-4B3D-AD05-2130922DEB8F}"
EndProject
Project("{9A19103F-16F7-4668-BE54-9A1E7A4F7556}") = "StandardLogger", "StandardLogger\StandardLogger.csproj", "{867902D4-5752-4301-8CF4-ED6749B1878E}"
EndProject
Project("{9A19103F-16F7-4668-BE54-9A1E7A4F7556}") = "FrameInterfaces", "FrameInterfaces\FrameInterfaces.csproj", "{7C748B1A-8F94-4884-98F1-BB1118958650}"
EndProject
Project("{9A19103F-16F7-4668-BE54-9A1E7A4F7556}") = "Frame", "Frame\Frame.csproj", "{3887E9D3-121F-4CC1-A6CC-8BA70DD0E6B9}"
EndProject
Project("{9A19103F-16F7-4668-BE54-9A1E7A4F7556}") = "Starter", "Starter\Starter.csproj", "{E6F037A9-3BC1-4529-8E67-3AA8E464AAD9}"
EndProject
Project("{9A19103F-16F7-4668-BE54-9A1E7A4F7556}") = "HDDRespository", "HDDRespository\HDDRespository.csproj", "{5F131A99-7160-4F0A-BF9C-0EEAB08271E9}"
EndProject
Project("{FAE04EC0-301F-11D3-BF4B-00C04F79EFBC}") = "MeasurementEvaluator", "MeasurementEvaluator\MeasurementEvaluator.csproj", "{CF0A9AA3-4BB0-448B-92FB-8D38645D2742}"
EndProject
Project("{FAE04EC0-301F-11D3-BF4B-00C04F79EFBC}") = "MeasurementEvaluatorUIWPF", "MeasurementEvaluatorUIWPF\MeasurementEvaluatorUIWPF.csproj", "{A196A8B6-0FEF-4C6F-8C8F-3815FEE3456B}"
EndProject
Global
	GlobalSection(SolutionConfigurationPlatforms) = preSolution
		Debug|Any CPU = Debug|Any CPU
		Release|Any CPU = Release|Any CPU
	EndGlobalSection
	GlobalSection(ProjectConfigurationPlatforms) = postSolution
		{87DCA976-8BD4-4A3A-ACA2-CC175D89FD09}.Debug|Any CPU.ActiveCfg = Debug|Any CPU
		{87DCA976-8BD4-4A3A-ACA2-CC175D89FD09}.Debug|Any CPU.Build.0 = Debug|Any CPU
		{87DCA976-8BD4-4A3A-ACA2-CC175D89FD09}.Release|Any CPU.ActiveCfg = Release|Any CPU
		{87DCA976-8BD4-4A3A-ACA2-CC175D89FD09}.Release|Any CPU.Build.0 = Release|Any CPU
		{83EA0BE2-65F8-49D9-BAFB-CD77555EC16C}.Debug|Any CPU.ActiveCfg = Debug|Any CPU
		{83EA0BE2-65F8-49D9-BAFB-CD77555EC16C}.Debug|Any CPU.Build.0 = Debug|Any CPU
		{83EA0BE2-65F8-49D9-BAFB-CD77555EC16C}.Release|Any CPU.ActiveCfg = Release|Any CPU
		{83EA0BE2-65F8-49D9-BAFB-CD77555EC16C}.Release|Any CPU.Build.0 = Release|Any CPU
		{B3A4CBDB-201A-43BF-A473-A0F880D494CA}.Debug|Any CPU.ActiveCfg = Debug|Any CPU
		{B3A4CBDB-201A-43BF-A473-A0F880D494CA}.Debug|Any CPU.Build.0 = Debug|Any CPU
		{B3A4CBDB-201A-43BF-A473-A0F880D494CA}.Release|Any CPU.ActiveCfg = Release|Any CPU
		{B3A4CBDB-201A-43BF-A473-A0F880D494CA}.Release|Any CPU.Build.0 = Release|Any CPU
		{A06E4376-1710-4E9E-83F3-58D9E5AFF8E8}.Debug|Any CPU.ActiveCfg = Debug|Any CPU
		{A06E4376-1710-4E9E-83F3-58D9E5AFF8E8}.Debug|Any CPU.Build.0 = Debug|Any CPU
		{A06E4376-1710-4E9E-83F3-58D9E5AFF8E8}.Release|Any CPU.ActiveCfg = Release|Any CPU
		{A06E4376-1710-4E9E-83F3-58D9E5AFF8E8}.Release|Any CPU.Build.0 = Release|Any CPU
		{9EACE6B3-1F43-4F75-B4BF-D380B3903420}.Debug|Any CPU.ActiveCfg = Debug|Any CPU
		{9EACE6B3-1F43-4F75-B4BF-D380B3903420}.Debug|Any CPU.Build.0 = Debug|Any CPU
		{9EACE6B3-1F43-4F75-B4BF-D380B3903420}.Release|Any CPU.ActiveCfg = Release|Any CPU
		{9EACE6B3-1F43-4F75-B4BF-D380B3903420}.Release|Any CPU.Build.0 = Release|Any CPU
		{C44A6722-B936-4B3D-AD05-2130922DEB8F}.Debug|Any CPU.ActiveCfg = Debug|Any CPU
		{C44A6722-B936-4B3D-AD05-2130922DEB8F}.Debug|Any CPU.Build.0 = Debug|Any CPU
		{C44A6722-B936-4B3D-AD05-2130922DEB8F}.Release|Any CPU.ActiveCfg = Release|Any CPU
		{C44A6722-B936-4B3D-AD05-2130922DEB8F}.Release|Any CPU.Build.0 = Release|Any CPU
		{867902D4-5752-4301-8CF4-ED6749B1878E}.Debug|Any CPU.ActiveCfg = Debug|Any CPU
		{867902D4-5752-4301-8CF4-ED6749B1878E}.Debug|Any CPU.Build.0 = Debug|Any CPU
		{867902D4-5752-4301-8CF4-ED6749B1878E}.Release|Any CPU.ActiveCfg = Release|Any CPU
		{867902D4-5752-4301-8CF4-ED6749B1878E}.Release|Any CPU.Build.0 = Release|Any CPU
		{7C748B1A-8F94-4884-98F1-BB1118958650}.Debug|Any CPU.ActiveCfg = Debug|Any CPU
		{7C748B1A-8F94-4884-98F1-BB1118958650}.Debug|Any CPU.Build.0 = Debug|Any CPU
		{7C748B1A-8F94-4884-98F1-BB1118958650}.Release|Any CPU.ActiveCfg = Release|Any CPU
		{7C748B1A-8F94-4884-98F1-BB1118958650}.Release|Any CPU.Build.0 = Release|Any CPU
		{3887E9D3-121F-4CC1-A6CC-8BA70DD0E6B9}.Debug|Any CPU.ActiveCfg = Debug|Any CPU
		{3887E9D3-121F-4CC1-A6CC-8BA70DD0E6B9}.Debug|Any CPU.Build.0 = Debug|Any CPU
		{3887E9D3-121F-4CC1-A6CC-8BA70DD0E6B9}.Release|Any CPU.ActiveCfg = Release|Any CPU
		{3887E9D3-121F-4CC1-A6CC-8BA70DD0E6B9}.Release|Any CPU.Build.0 = Release|Any CPU
		{E6F037A9-3BC1-4529-8E67-3AA8E464AAD9}.Debug|Any CPU.ActiveCfg = Debug|Any CPU
		{E6F037A9-3BC1-4529-8E67-3AA8E464AAD9}.Debug|Any CPU.Build.0 = Debug|Any CPU
		{E6F037A9-3BC1-4529-8E67-3AA8E464AAD9}.Release|Any CPU.ActiveCfg = Release|Any CPU
		{E6F037A9-3BC1-4529-8E67-3AA8E464AAD9}.Release|Any CPU.Build.0 = Release|Any CPU
		{5F131A99-7160-4F0A-BF9C-0EEAB08271E9}.Debug|Any CPU.ActiveCfg = Debug|Any CPU
		{5F131A99-7160-4F0A-BF9C-0EEAB08271E9}.Debug|Any CPU.Build.0 = Debug|Any CPU
		{5F131A99-7160-4F0A-BF9C-0EEAB08271E9}.Release|Any CPU.ActiveCfg = Release|Any CPU
		{5F131A99-7160-4F0A-BF9C-0EEAB08271E9}.Release|Any CPU.Build.0 = Release|Any CPU
		{CF0A9AA3-4BB0-448B-92FB-8D38645D2742}.Debug|Any CPU.ActiveCfg = Debug|Any CPU
		{CF0A9AA3-4BB0-448B-92FB-8D38645D2742}.Debug|Any CPU.Build.0 = Debug|Any CPU
		{CF0A9AA3-4BB0-448B-92FB-8D38645D2742}.Release|Any CPU.ActiveCfg = Release|Any CPU
		{CF0A9AA3-4BB0-448B-92FB-8D38645D2742}.Release|Any CPU.Build.0 = Release|Any CPU
		{A196A8B6-0FEF-4C6F-8C8F-3815FEE3456B}.Debug|Any CPU.ActiveCfg = Debug|Any CPU
		{A196A8B6-0FEF-4C6F-8C8F-3815FEE3456B}.Debug|Any CPU.Build.0 = Debug|Any CPU
		{A196A8B6-0FEF-4C6F-8C8F-3815FEE3456B}.Release|Any CPU.ActiveCfg = Release|Any CPU
		{A196A8B6-0FEF-4C6F-8C8F-3815FEE3456B}.Release|Any CPU.Build.0 = Release|Any CPU
	EndGlobalSection
	GlobalSection(SolutionProperties) = preSolution
		HideSolutionNode = FALSE
	EndGlobalSection
	GlobalSection(ExtensibilityGlobals) = postSolution
		SolutionGuid = {6304BD15-22CE-4E6D-927A-3DA2A4BB03F9}
	EndGlobalSection
EndGlobal
